
Microsoft Visual Studio Solution File, Format Version 12.00
# Visual Studio for Mac
Project("{FAE04EC0-301F-11D3-BF4B-00C04F79EFBC}") = "NightAtTheMuseum", "NightAtTheMuseum.csproj", "{FCAECFA3-AAB2-DD48-D0A3-4444FC0F3413}"
EndProject
Project("{FAE04EC0-301F-11D3-BF4B-00C04F79EFBC}") = "NightAtTheMuseum.Editor", "NightAtTheMuseum.Editor.csproj", "{3EB15EDC-2E53-CF16-B670-6154B8CF877D}"
EndProject
Global
	GlobalSection(SolutionConfigurationPlatforms) = preSolution
		Debug|Any CPU = Debug|Any CPU
		Release|Any CPU = Release|Any CPU
	EndGlobalSection
	GlobalSection(ProjectConfigurationPlatforms) = postSolution
		{FCAECFA3-AAB2-DD48-D0A3-4444FC0F3413}.Debug|Any CPU.ActiveCfg = Debug|Any CPU
		{FCAECFA3-AAB2-DD48-D0A3-4444FC0F3413}.Debug|Any CPU.Build.0 = Debug|Any CPU
		{FCAECFA3-AAB2-DD48-D0A3-4444FC0F3413}.Release|Any CPU.ActiveCfg = Release|Any CPU
		{FCAECFA3-AAB2-DD48-D0A3-4444FC0F3413}.Release|Any CPU.Build.0 = Release|Any CPU
		{3EB15EDC-2E53-CF16-B670-6154B8CF877D}.Debug|Any CPU.ActiveCfg = Debug|Any CPU
		{3EB15EDC-2E53-CF16-B670-6154B8CF877D}.Debug|Any CPU.Build.0 = Debug|Any CPU
		{3EB15EDC-2E53-CF16-B670-6154B8CF877D}.Release|Any CPU.ActiveCfg = Release|Any CPU
		{3EB15EDC-2E53-CF16-B670-6154B8CF877D}.Release|Any CPU.Build.0 = Release|Any CPU
	EndGlobalSection
	GlobalSection(SolutionProperties) = preSolution
		HideSolutionNode = FALSE
	EndGlobalSection
EndGlobal
